
Microsoft Visual Studio Solution File, Format Version 10.00
# Visual Studio 2008
Project("{8BC9CEB8-8B4A-11D0-8D11-00A0C91BC942}") = "tsMuxerGUI", "tsMuxerGUI.vcproj", "{CC95D496-6877-35E9-82BE-434A5AA5180E}"
EndProject
Global
	GlobalSection(SolutionConfigurationPlatforms) = preSolution
		Debug|Win32 = Debug|Win32
		Release|Win32 = Release|Win32
	EndGlobalSection
	GlobalSection(ProjectConfigurationPlatforms) = postSolution
		{CC95D496-6877-35E9-82BE-434A5AA5180E}.Debug|Win32.ActiveCfg = Debug|Win32
		{CC95D496-6877-35E9-82BE-434A5AA5180E}.Debug|Win32.Build.0 = Debug|Win32
		{CC95D496-6877-35E9-82BE-434A5AA5180E}.Release|Win32.ActiveCfg = Release|Win32
		{CC95D496-6877-35E9-82BE-434A5AA5180E}.Release|Win32.Build.0 = Release|Win32
	EndGlobalSection
	GlobalSection(SolutionProperties) = preSolution
		HideSolutionNode = FALSE
	EndGlobalSection
	GlobalSection(Qt) = preSolution
		Integration = True
	EndGlobalSection
EndGlobal
